
Microsoft Visual Studio Solution File, Format Version 12.00
# Visual Studio Version 17
VisualStudioVersion = 17.6.33815.320
MinimumVisualStudioVersion = 10.0.40219.1
Project("{FAE04EC0-301F-11D3-BF4B-00C04F79EFBC}") = "Loops Assignment", "Loops Assignment\Loops Assignment.csproj", "{1598E7B4-F750-4033-895B-FAC71D682CF7}"
EndProject
Global
	GlobalSection(SolutionConfigurationPlatforms) = preSolution
		Debug|Any CPU = Debug|Any CPU
		Release|Any CPU = Release|Any CPU
	EndGlobalSection
	GlobalSection(ProjectConfigurationPlatforms) = postSolution
		{1598E7B4-F750-4033-895B-FAC71D682CF7}.Debug|Any CPU.ActiveCfg = Debug|Any CPU
		{1598E7B4-F750-4033-895B-FAC71D682CF7}.Debug|Any CPU.Build.0 = Debug|Any CPU
		{1598E7B4-F750-4033-895B-FAC71D682CF7}.Release|Any CPU.ActiveCfg = Release|Any CPU
		{1598E7B4-F750-4033-895B-FAC71D682CF7}.Release|Any CPU.Build.0 = Release|Any CPU
	EndGlobalSection
	GlobalSection(SolutionProperties) = preSolution
		HideSolutionNode = FALSE
	EndGlobalSection
	GlobalSection(ExtensibilityGlobals) = postSolution
		SolutionGuid = {29EB73ED-8B09-4C87-A941-B1AB760EB45E}
	EndGlobalSection
EndGlobal
